
Microsoft Visual Studio Solution File, Format Version 12.00
# Visual Studio 2012
Project("{FAE04EC0-301F-11D3-BF4B-00C04F79EFBC}") = "zEngine", "zEngine\zEngine.csproj", "{698CC069-CF71-4506-AAA7-0BCB22D21F75}"
EndProject
Project("{FAE04EC0-301F-11D3-BF4B-00C04F79EFBC}") = "zGraphics", "zGraphics\zGraphics.csproj", "{C618BC9C-B1F3-418D-A5EA-45DCE72CF49F}"
EndProject
Project("{FAE04EC0-301F-11D3-BF4B-00C04F79EFBC}") = "zAI", "zAI\zAI.csproj", "{3C81514F-6D4C-42C1-A01C-9938EB1A947F}"
EndProject
Project("{FAE04EC0-301F-11D3-BF4B-00C04F79EFBC}") = "zCore", "zCore\zCore.csproj", "{CC8D0C81-2C90-4D80-B626-58FD19B30F03}"
EndProject
Project("{FAE04EC0-301F-11D3-BF4B-00C04F79EFBC}") = "zPhysics", "zPhysics\zPhysics.csproj", "{EA7027D3-F7A8-4D9A-9EC9-65124A523509}"
EndProject
Project("{FAE04EC0-301F-11D3-BF4B-00C04F79EFBC}") = "zControls", "zControls\zControls.csproj", "{1F49CE1D-01DC-4480-A6B9-487DE954DB58}"
EndProject
Project("{FAE04EC0-301F-11D3-BF4B-00C04F79EFBC}") = "zAssets", "zAssets\zAssets.csproj", "{CE8074C4-52E3-47AA-B4D8-B1FEE47D3ACC}"
EndProject
Project("{FAE04EC0-301F-11D3-BF4B-00C04F79EFBC}") = "zAudio", "zAudio\zAudio.csproj", "{32B50FF0-6AE0-498A-BC94-BCB4F8E0D2EA}"
EndProject
Project("{FAE04EC0-301F-11D3-BF4B-00C04F79EFBC}") = "Glfw", "External\Glfw.Net\Glfw\Glfw.csproj", "{7AB2924E-2B07-47D7-91DF-C35B9E6EC443}"
EndProject
Global
	GlobalSection(SolutionConfigurationPlatforms) = preSolution
		MacOS|Any CPU = MacOS|Any CPU
		Linux|Any CPU = Linux|Any CPU
		MacOS-Debug|Any CPU = MacOS-Debug|Any CPU
		Linux-Debug|Any CPU = Linux-Debug|Any CPU
		Windows|Any CPU = Windows|Any CPU
		Windows-Debug|Any CPU = Windows-Debug|Any CPU
	EndGlobalSection
	GlobalSection(ProjectConfigurationPlatforms) = postSolution
		{698CC069-CF71-4506-AAA7-0BCB22D21F75}.MacOS|Any CPU.ActiveCfg = MacOS|Any CPU
		{698CC069-CF71-4506-AAA7-0BCB22D21F75}.MacOS|Any CPU.Build.0 = MacOS|Any CPU
		{698CC069-CF71-4506-AAA7-0BCB22D21F75}.Linux|Any CPU.ActiveCfg = Linux|Any CPU
		{698CC069-CF71-4506-AAA7-0BCB22D21F75}.Linux|Any CPU.Build.0 = Linux|Any CPU
		{698CC069-CF71-4506-AAA7-0BCB22D21F75}.MacOS-Debug|Any CPU.ActiveCfg = MacOS-Debug|Any CPU
		{698CC069-CF71-4506-AAA7-0BCB22D21F75}.MacOS-Debug|Any CPU.Build.0 = MacOS-Debug|Any CPU
		{698CC069-CF71-4506-AAA7-0BCB22D21F75}.Linux-Debug|Any CPU.ActiveCfg = Linux-Debug|Any CPU
		{698CC069-CF71-4506-AAA7-0BCB22D21F75}.Linux-Debug|Any CPU.Build.0 = Linux-Debug|Any CPU
		{698CC069-CF71-4506-AAA7-0BCB22D21F75}.Windows|Any CPU.ActiveCfg = Windows|Any CPU
		{698CC069-CF71-4506-AAA7-0BCB22D21F75}.Windows|Any CPU.Build.0 = Windows|Any CPU
		{698CC069-CF71-4506-AAA7-0BCB22D21F75}.Windows-Debug|Any CPU.ActiveCfg = Windows-Debug|Any CPU
		{698CC069-CF71-4506-AAA7-0BCB22D21F75}.Windows-Debug|Any CPU.Build.0 = Windows-Debug|Any CPU
		{C618BC9C-B1F3-418D-A5EA-45DCE72CF49F}.MacOS|Any CPU.ActiveCfg = MacOS|Any CPU
		{C618BC9C-B1F3-418D-A5EA-45DCE72CF49F}.MacOS|Any CPU.Build.0 = MacOS|Any CPU
		{C618BC9C-B1F3-418D-A5EA-45DCE72CF49F}.Linux|Any CPU.ActiveCfg = Linux|Any CPU
		{C618BC9C-B1F3-418D-A5EA-45DCE72CF49F}.Linux|Any CPU.Build.0 = Linux|Any CPU
		{C618BC9C-B1F3-418D-A5EA-45DCE72CF49F}.MacOS-Debug|Any CPU.ActiveCfg = MacOS-Debug|Any CPU
		{C618BC9C-B1F3-418D-A5EA-45DCE72CF49F}.MacOS-Debug|Any CPU.Build.0 = MacOS-Debug|Any CPU
		{C618BC9C-B1F3-418D-A5EA-45DCE72CF49F}.Linux-Debug|Any CPU.ActiveCfg = Linux-Debug|Any CPU
		{C618BC9C-B1F3-418D-A5EA-45DCE72CF49F}.Linux-Debug|Any CPU.Build.0 = Linux-Debug|Any CPU
		{C618BC9C-B1F3-418D-A5EA-45DCE72CF49F}.Windows|Any CPU.ActiveCfg = Windows|Any CPU
		{C618BC9C-B1F3-418D-A5EA-45DCE72CF49F}.Windows|Any CPU.Build.0 = Windows|Any CPU
		{C618BC9C-B1F3-418D-A5EA-45DCE72CF49F}.Windows-Debug|Any CPU.ActiveCfg = Windows-Debug|Any CPU
		{C618BC9C-B1F3-418D-A5EA-45DCE72CF49F}.Windows-Debug|Any CPU.Build.0 = Windows-Debug|Any CPU
		{3C81514F-6D4C-42C1-A01C-9938EB1A947F}.MacOS|Any CPU.ActiveCfg = MacOS|Any CPU
		{3C81514F-6D4C-42C1-A01C-9938EB1A947F}.MacOS|Any CPU.Build.0 = MacOS|Any CPU
		{3C81514F-6D4C-42C1-A01C-9938EB1A947F}.Linux|Any CPU.ActiveCfg = Linux|Any CPU
		{3C81514F-6D4C-42C1-A01C-9938EB1A947F}.Linux|Any CPU.Build.0 = Linux|Any CPU
		{3C81514F-6D4C-42C1-A01C-9938EB1A947F}.MacOS-Debug|Any CPU.ActiveCfg = MacOS-Debug|Any CPU
		{3C81514F-6D4C-42C1-A01C-9938EB1A947F}.MacOS-Debug|Any CPU.Build.0 = MacOS-Debug|Any CPU
		{3C81514F-6D4C-42C1-A01C-9938EB1A947F}.Linux-Debug|Any CPU.ActiveCfg = Linux-Debug|Any CPU
		{3C81514F-6D4C-42C1-A01C-9938EB1A947F}.Linux-Debug|Any CPU.Build.0 = Linux-Debug|Any CPU
		{3C81514F-6D4C-42C1-A01C-9938EB1A947F}.Windows|Any CPU.ActiveCfg = Windows|Any CPU
		{3C81514F-6D4C-42C1-A01C-9938EB1A947F}.Windows|Any CPU.Build.0 = Windows|Any CPU
		{3C81514F-6D4C-42C1-A01C-9938EB1A947F}.Windows-Debug|Any CPU.ActiveCfg = Windows-Debug|Any CPU
		{3C81514F-6D4C-42C1-A01C-9938EB1A947F}.Windows-Debug|Any CPU.Build.0 = Windows-Debug|Any CPU
		{CC8D0C81-2C90-4D80-B626-58FD19B30F03}.MacOS|Any CPU.ActiveCfg = MacOS|Any CPU
		{CC8D0C81-2C90-4D80-B626-58FD19B30F03}.MacOS|Any CPU.Build.0 = MacOS|Any CPU
		{CC8D0C81-2C90-4D80-B626-58FD19B30F03}.Linux|Any CPU.ActiveCfg = Linux|Any CPU
		{CC8D0C81-2C90-4D80-B626-58FD19B30F03}.Linux|Any CPU.Build.0 = Linux|Any CPU
		{CC8D0C81-2C90-4D80-B626-58FD19B30F03}.MacOS-Debug|Any CPU.ActiveCfg = MacOS-Debug|Any CPU
		{CC8D0C81-2C90-4D80-B626-58FD19B30F03}.MacOS-Debug|Any CPU.Build.0 = MacOS-Debug|Any CPU
		{CC8D0C81-2C90-4D80-B626-58FD19B30F03}.Linux-Debug|Any CPU.ActiveCfg = Linux-Debug|Any CPU
		{CC8D0C81-2C90-4D80-B626-58FD19B30F03}.Linux-Debug|Any CPU.Build.0 = Linux-Debug|Any CPU
		{CC8D0C81-2C90-4D80-B626-58FD19B30F03}.Windows|Any CPU.ActiveCfg = Windows|Any CPU
		{CC8D0C81-2C90-4D80-B626-58FD19B30F03}.Windows|Any CPU.Build.0 = Windows|Any CPU
		{CC8D0C81-2C90-4D80-B626-58FD19B30F03}.Windows-Debug|Any CPU.ActiveCfg = Windows-Debug|Any CPU
		{CC8D0C81-2C90-4D80-B626-58FD19B30F03}.Windows-Debug|Any CPU.Build.0 = Windows-Debug|Any CPU
		{EA7027D3-F7A8-4D9A-9EC9-65124A523509}.MacOS|Any CPU.ActiveCfg = MacOS|Any CPU
		{EA7027D3-F7A8-4D9A-9EC9-65124A523509}.MacOS|Any CPU.Build.0 = MacOS|Any CPU
		{EA7027D3-F7A8-4D9A-9EC9-65124A523509}.Linux|Any CPU.ActiveCfg = Linux|Any CPU
		{EA7027D3-F7A8-4D9A-9EC9-65124A523509}.Linux|Any CPU.Build.0 = Linux|Any CPU
		{EA7027D3-F7A8-4D9A-9EC9-65124A523509}.MacOS-Debug|Any CPU.ActiveCfg = MacOS-Debug|Any CPU
		{EA7027D3-F7A8-4D9A-9EC9-65124A523509}.MacOS-Debug|Any CPU.Build.0 = MacOS-Debug|Any CPU
		{EA7027D3-F7A8-4D9A-9EC9-65124A523509}.Linux-Debug|Any CPU.ActiveCfg = Linux-Debug|Any CPU
		{EA7027D3-F7A8-4D9A-9EC9-65124A523509}.Linux-Debug|Any CPU.Build.0 = Linux-Debug|Any CPU
		{EA7027D3-F7A8-4D9A-9EC9-65124A523509}.Windows|Any CPU.ActiveCfg = Windows|Any CPU
		{EA7027D3-F7A8-4D9A-9EC9-65124A523509}.Windows|Any CPU.Build.0 = Windows|Any CPU
		{EA7027D3-F7A8-4D9A-9EC9-65124A523509}.Windows-Debug|Any CPU.ActiveCfg = Windows-Debug|Any CPU
		{EA7027D3-F7A8-4D9A-9EC9-65124A523509}.Windows-Debug|Any CPU.Build.0 = Windows-Debug|Any CPU
		{1F49CE1D-01DC-4480-A6B9-487DE954DB58}.MacOS|Any CPU.ActiveCfg = MacOS|Any CPU
		{1F49CE1D-01DC-4480-A6B9-487DE954DB58}.MacOS|Any CPU.Build.0 = MacOS|Any CPU
		{1F49CE1D-01DC-4480-A6B9-487DE954DB58}.Linux|Any CPU.ActiveCfg = Linux|Any CPU
		{1F49CE1D-01DC-4480-A6B9-487DE954DB58}.Linux|Any CPU.Build.0 = Linux|Any CPU
		{1F49CE1D-01DC-4480-A6B9-487DE954DB58}.MacOS-Debug|Any CPU.ActiveCfg = MacOS-Debug|Any CPU
		{1F49CE1D-01DC-4480-A6B9-487DE954DB58}.MacOS-Debug|Any CPU.Build.0 = MacOS-Debug|Any CPU
		{1F49CE1D-01DC-4480-A6B9-487DE954DB58}.Linux-Debug|Any CPU.ActiveCfg = Linux-Debug|Any CPU
		{1F49CE1D-01DC-4480-A6B9-487DE954DB58}.Linux-Debug|Any CPU.Build.0 = Linux-Debug|Any CPU
		{1F49CE1D-01DC-4480-A6B9-487DE954DB58}.Windows|Any CPU.ActiveCfg = Windows|Any CPU
		{1F49CE1D-01DC-4480-A6B9-487DE954DB58}.Windows|Any CPU.Build.0 = Windows|Any CPU
		{1F49CE1D-01DC-4480-A6B9-487DE954DB58}.Windows-Debug|Any CPU.ActiveCfg = Windows-Debug|Any CPU
		{1F49CE1D-01DC-4480-A6B9-487DE954DB58}.Windows-Debug|Any CPU.Build.0 = Windows-Debug|Any CPU
		{CE8074C4-52E3-47AA-B4D8-B1FEE47D3ACC}.MacOS|Any CPU.ActiveCfg = MacOS|Any CPU
		{CE8074C4-52E3-47AA-B4D8-B1FEE47D3ACC}.MacOS|Any CPU.Build.0 = MacOS|Any CPU
		{CE8074C4-52E3-47AA-B4D8-B1FEE47D3ACC}.Linux|Any CPU.ActiveCfg = Linux|Any CPU
		{CE8074C4-52E3-47AA-B4D8-B1FEE47D3ACC}.Linux|Any CPU.Build.0 = Linux|Any CPU
		{CE8074C4-52E3-47AA-B4D8-B1FEE47D3ACC}.MacOS-Debug|Any CPU.ActiveCfg = MacOS-Debug|Any CPU
		{CE8074C4-52E3-47AA-B4D8-B1FEE47D3ACC}.MacOS-Debug|Any CPU.Build.0 = MacOS-Debug|Any CPU
		{CE8074C4-52E3-47AA-B4D8-B1FEE47D3ACC}.Linux-Debug|Any CPU.ActiveCfg = Linux-Debug|Any CPU
		{CE8074C4-52E3-47AA-B4D8-B1FEE47D3ACC}.Linux-Debug|Any CPU.Build.0 = Linux-Debug|Any CPU
		{CE8074C4-52E3-47AA-B4D8-B1FEE47D3ACC}.Windows|Any CPU.ActiveCfg = Windows|Any CPU
		{CE8074C4-52E3-47AA-B4D8-B1FEE47D3ACC}.Windows|Any CPU.Build.0 = Windows|Any CPU
		{CE8074C4-52E3-47AA-B4D8-B1FEE47D3ACC}.Windows-Debug|Any CPU.ActiveCfg = Windows-Debug|Any CPU
		{CE8074C4-52E3-47AA-B4D8-B1FEE47D3ACC}.Windows-Debug|Any CPU.Build.0 = Windows-Debug|Any CPU
		{32B50FF0-6AE0-498A-BC94-BCB4F8E0D2EA}.MacOS|Any CPU.ActiveCfg = MacOS|Any CPU
		{32B50FF0-6AE0-498A-BC94-BCB4F8E0D2EA}.MacOS|Any CPU.Build.0 = MacOS|Any CPU
		{7AB2924E-2B07-47D7-91DF-C35B9E6EC443}.MacOS|Any CPU.ActiveCfg = MacOS|Any CPU
		{7AB2924E-2B07-47D7-91DF-C35B9E6EC443}.MacOS|Any CPU.Build.0 = MacOS|Any CPU
	EndGlobalSection
	GlobalSection(MonoDevelopProperties) = preSolution
		version = 0.0.1
	EndGlobalSection
EndGlobal
